{
    "_meta": {
        "hash": {
            "sha256": "c9a9c1fc427969fcaf4e1a1f90a9ee49c3aeb5dfd760bf61c6947b5b5a30f87c"
        },
        "pipfile-spec": 6,
        "requires": {
            "python_version": "3.7"
        },
        "sources": [
            {
                "name": "pypi",
                "url": "https://pypi.python.org/simple",
                "verify_ssl": true
            }
        ]
    },
    "default": {
        "aredis": {
            "hashes": [
                "sha256:880bcf91c4f89b919311cc93626bbc70901c6e5c4fdb3dcba643411e3ee40bcf"
            ],
            "index": "pypi",
            "version": "==1.1.8"
        }
    },
    "develop": {}
}
